// !$*UTF8*$!
{
	archiveVersion = 1;
	classes = {
	};
	objectVersion = 46;
	objects = {

/* Begin PBXBuildFile section */
		233159D9198AD7C50027E35B /* Foundation.framework in Frameworks */ = {isa = PBXBuildFile; fileRef = 233159D8198AD7C50027E35B /* Foundation.framework */; };
		233159DB198AD7C50027E35B /* CoreGraphics.framework in Frameworks */ = {isa = PBXBuildFile; fileRef = 233159DA198AD7C50027E35B /* CoreGraphics.framework */; };
		233159DD198AD7C50027E35B /* UIKit.framework in Frameworks */ = {isa = PBXBuildFile; fileRef = 233159DC198AD7C50027E35B /* UIKit.framework */; };
		233159E3198AD7C50027E35B /* InfoPlist.strings in Resources */ = {isa = PBXBuildFile; fileRef = 233159E1198AD7C50027E35B /* InfoPlist.strings */; };
		233159E5198AD7C50027E35B /* main.m in Sources */ = {isa = PBXBuildFile; fileRef = 233159E4198AD7C50027E35B /* main.m */; };
		233159E9198AD7C60027E35B /* AppDelegate.m in Sources */ = {isa = PBXBuildFile; fileRef = 233159E8198AD7C60027E35B /* AppDelegate.m */; };
		233159EB198AD7C60027E35B /* Images.xcassets in Resources */ = {isa = PBXBuildFile; fileRef = 233159EA198AD7C60027E35B /* Images.xcassets */; };
		233159F2198AD7C60027E35B /* XCTest.framework in Frameworks */ = {isa = PBXBuildFile; fileRef = 233159F1198AD7C60027E35B /* XCTest.framework */; };
		233159F3198AD7C60027E35B /* Foundation.framework in Frameworks */ = {isa = PBXBuildFile; fileRef = 233159D8198AD7C50027E35B /* Foundation.framework */; };
		233159F4198AD7C60027E35B /* UIKit.framework in Frameworks */ = {isa = PBXBuildFile; fileRef = 233159DC198AD7C50027E35B /* UIKit.framework */; };
		233159FC198AD7C60027E35B /* InfoPlist.strings in Resources */ = {isa = PBXBuildFile; fileRef = 233159FA198AD7C60027E35B /* InfoPlist.strings */; };
		233159FE198AD7C60027E35B /* Data_MapperTests.m in Sources */ = {isa = PBXBuildFile; fileRef = 233159FD198AD7C60027E35B /* Data_MapperTests.m */; };
		23315A0A198ADAA90027E35B /* PersonMapper.m in Sources */ = {isa = PBXBuildFile; fileRef = 23315A09198ADAA90027E35B /* PersonMapper.m */; };
		23315A0D198ADAB50027E35B /* AbstractMapper.m in Sources */ = {isa = PBXBuildFile; fileRef = 23315A0C198ADAB50027E35B /* AbstractMapper.m */; };
		23315A10198ADACA0027E35B /* Person.m in Sources */ = {isa = PBXBuildFile; fileRef = 23315A0F198ADACA0027E35B /* Person.m */; };
		23315A13198ADAFA0027E35B /* Registry.m in Sources */ = {isa = PBXBuildFile; fileRef = 23315A12198ADAFA0027E35B /* Registry.m */; };
/* End PBXBuildFile section */

/* Begin PBXContainerItemProxy section */
		233159F5198AD7C60027E35B /* PBXContainerItemProxy */ = {
			isa = PBXContainerItemProxy;
			containerPortal = 233159CD198AD7C50027E35B /* Project object */;
			proxyType = 1;
			remoteGlobalIDString = 233159D4198AD7C50027E35B;
			remoteInfo = "Data Mapper";
		};
/* End PBXContainerItemProxy section */

/* Begin PBXFileReference section */
		233159D5198AD7C50027E35B /* Data Mapper.app */ = {isa = PBXFileReference; explicitFileType = wrapper.application; includeInIndex = 0; path = "Data Mapper.app"; sourceTree = BUILT_PRODUCTS_DIR; };
		233159D8198AD7C50027E35B /* Foundation.framework */ = {isa = PBXFileReference; lastKnownFileType = wrapper.framework; name = Foundation.framework; path = System/Library/Frameworks/Foundation.framework; sourceTree = SDKROOT; };
		233159DA198AD7C50027E35B /* CoreGraphics.framework */ = {isa = PBXFileReference; lastKnownFileType = wrapper.framework; name = CoreGraphics.framework; path = System/Library/Frameworks/CoreGraphics.framework; sourceTree = SDKROOT; };
		233159DC198AD7C50027E35B /* UIKit.framework */ = {isa = PBXFileReference; lastKnownFileType = wrapper.framework; name = UIKit.framework; path = System/Library/Frameworks/UIKit.framework; sourceTree = SDKROOT; };
		233159E0198AD7C50027E35B /* Data Mapper-Info.plist */ = {isa = PBXFileReference; lastKnownFileType = text.plist.xml; path = "Data Mapper-Info.plist"; sourceTree = "<group>"; };
		233159E2198AD7C50027E35B /* en */ = {isa = PBXFileReference; lastKnownFileType = text.plist.strings; name = en; path = en.lproj/InfoPlist.strings; sourceTree = "<group>"; };
		233159E4198AD7C50027E35B /* main.m */ = {isa = PBXFileReference; lastKnownFileType = sourcecode.c.objc; path = main.m; sourceTree = "<group>"; };
		233159E6198AD7C50027E35B /* Data Mapper-Prefix.pch */ = {isa = PBXFileReference; lastKnownFileType = sourcecode.c.h; path = "Data Mapper-Prefix.pch"; sourceTree = "<group>"; };
		233159E7198AD7C60027E35B /* AppDelegate.h */ = {isa = PBXFileReference; lastKnownFileType = sourcecode.c.h; path = AppDelegate.h; sourceTree = "<group>"; };
		233159E8198AD7C60027E35B /* AppDelegate.m */ = {isa = PBXFileReference; lastKnownFileType = sourcecode.c.objc; path = AppDelegate.m; sourceTree = "<group>"; };
		233159EA198AD7C60027E35B /* Images.xcassets */ = {isa = PBXFileReference; lastKnownFileType = folder.assetcatalog; path = Images.xcassets; sourceTree = "<group>"; };
		233159F0198AD7C60027E35B /* Data MapperTests.xctest */ = {isa = PBXFileReference; explicitFileType = wrapper.cfbundle; includeInIndex = 0; path = "Data MapperTests.xctest"; sourceTree = BUILT_PRODUCTS_DIR; };
		233159F1198AD7C60027E35B /* XCTest.framework */ = {isa = PBXFileReference; lastKnownFileType = wrapper.framework; name = XCTest.framework; path = Library/Frameworks/XCTest.framework; sourceTree = DEVELOPER_DIR; };
		233159F9198AD7C60027E35B /* Data MapperTests-Info.plist */ = {isa = PBXFileReference; lastKnownFileType = text.plist.xml; path = "Data MapperTests-Info.plist"; sourceTree = "<group>"; };
		233159FB198AD7C60027E35B /* en */ = {isa = PBXFileReference; lastKnownFileType = text.plist.strings; name = en; path = en.lproj/InfoPlist.strings; sourceTree = "<group>"; };
		233159FD198AD7C60027E35B /* Data_MapperTests.m */ = {isa = PBXFileReference; lastKnownFileType = sourcecode.c.objc; path = Data_MapperTests.m; sourceTree = "<group>"; };
		23315A08198ADAA90027E35B /* PersonMapper.h */ = {isa = PBXFileReference; fileEncoding = 4; lastKnownFileType = sourcecode.c.h; path = PersonMapper.h; sourceTree = "<group>"; };
		23315A09198ADAA90027E35B /* PersonMapper.m */ = {isa = PBXFileReference; fileEncoding = 4; lastKnownFileType = sourcecode.c.objc; path = PersonMapper.m; sourceTree = "<group>"; };
		23315A0B198ADAB50027E35B /* AbstractMapper.h */ = {isa = PBXFileReference; fileEncoding = 4; lastKnownFileType = sourcecode.c.h; path = AbstractMapper.h; sourceTree = "<group>"; };
		23315A0C198ADAB50027E35B /* AbstractMapper.m */ = {isa = PBXFileReference; fileEncoding = 4; lastKnownFileType = sourcecode.c.objc; path = AbstractMapper.m; sourceTree = "<group>"; };
		23315A0E198ADACA0027E35B /* Person.h */ = {isa = PBXFileReference; fileEncoding = 4; lastKnownFileType = sourcecode.c.h; path = Person.h; sourceTree = "<group>"; };
		23315A0F198ADACA0027E35B /* Person.m */ = {isa = PBXFileReference; fileEncoding = 4; lastKnownFileType = sourcecode.c.objc; path = Person.m; sourceTree = "<group>"; };
		23315A11198ADAFA0027E35B /* Registry.h */ = {isa = PBXFileReference; fileEncoding = 4; lastKnownFileType = sourcecode.c.h; path = Registry.h; sourceTree = "<group>"; };
		23315A12198ADAFA0027E35B /* Registry.m */ = {isa = PBXFileReference; fileEncoding = 4; lastKnownFileType = sourcecode.c.objc; path = Registry.m; sourceTree = "<group>"; };
/* End PBXFileReference section */

/* Begin PBXFrameworksBuildPhase section */
		233159D2198AD7C50027E35B /* Frameworks */ = {
			isa = PBXFrameworksBuildPhase;
			buildActionMask = 2147483647;
			files = (
				233159DB198AD7C50027E35B /* CoreGraphics.framework in Frameworks */,
				233159DD198AD7C50027E35B /* UIKit.framework in Frameworks */,
				233159D9198AD7C50027E35B /* Foundation.framework in Frameworks */,
			);
			runOnlyForDeploymentPostprocessing = 0;
		};
		233159ED198AD7C60027E35B /* Frameworks */ = {
			isa = PBXFrameworksBuildPhase;
			buildActionMask = 2147483647;
			files = (
				233159F2198AD7C60027E35B /* XCTest.framework in Frameworks */,
				233159F4198AD7C60027E35B /* UIKit.framework in Frameworks */,
				233159F3198AD7C60027E35B /* Foundation.framework in Frameworks */,
			);
			runOnlyForDeploymentPostprocessing = 0;
		};
/* End PBXFrameworksBuildPhase section */

/* Begin PBXGroup section */
		233159CC198AD7C50027E35B = {
			isa = PBXGroup;
			children = (
				233159DE198AD7C50027E35B /* Data Mapper */,
				233159F7198AD7C60027E35B /* Data MapperTests */,
				233159D7198AD7C50027E35B /* Frameworks */,
				233159D6198AD7C50027E35B /* Products */,
			);
			sourceTree = "<group>";
		};
		233159D6198AD7C50027E35B /* Products */ = {
			isa = PBXGroup;
			children = (
				233159D5198AD7C50027E35B /* Data Mapper.app */,
				233159F0198AD7C60027E35B /* Data MapperTests.xctest */,
			);
			name = Products;
			sourceTree = "<group>";
		};
		233159D7198AD7C50027E35B /* Frameworks */ = {
			isa = PBXGroup;
			children = (
				233159D8198AD7C50027E35B /* Foundation.framework */,
				233159DA198AD7C50027E35B /* CoreGraphics.framework */,
				233159DC198AD7C50027E35B /* UIKit.framework */,
				233159F1198AD7C60027E35B /* XCTest.framework */,
			);
			name = Frameworks;
			sourceTree = "<group>";
		};
		233159DE198AD7C50027E35B /* Data Mapper */ = {
			isa = PBXGroup;
			children = (
				23315A07198ADA8A0027E35B /* Classes */,
				233159E7198AD7C60027E35B /* AppDelegate.h */,
				233159E8198AD7C60027E35B /* AppDelegate.m */,
				233159EA198AD7C60027E35B /* Images.xcassets */,
				233159DF198AD7C50027E35B /* Supporting Files */,
			);
			path = "Data Mapper";
			sourceTree = "<group>";
		};
		233159DF198AD7C50027E35B /* Supporting Files */ = {
			isa = PBXGroup;
			children = (
				233159E0198AD7C50027E35B /* Data Mapper-Info.plist */,
				233159E1198AD7C50027E35B /* InfoPlist.strings */,
				233159E4198AD7C50027E35B /* main.m */,
				233159E6198AD7C50027E35B /* Data Mapper-Prefix.pch */,
			);
			name = "Supporting Files";
			sourceTree = "<group>";
		};
		233159F7198AD7C60027E35B /* Data MapperTests */ = {
			isa = PBXGroup;
			children = (
				233159FD198AD7C60027E35B /* Data_MapperTests.m */,
				233159F8198AD7C60027E35B /* Supporting Files */,
			);
			path = "Data MapperTests";
			sourceTree = "<group>";
		};
		233159F8198AD7C60027E35B /* Supporting Files */ = {
			isa = PBXGroup;
			children = (
				233159F9198AD7C60027E35B /* Data MapperTests-Info.plist */,
				233159FA198AD7C60027E35B /* InfoPlist.strings */,
			);
			name = "Supporting Files";
			sourceTree = "<group>";
		};
		23315A07198ADA8A0027E35B /* Classes */ = {
			isa = PBXGroup;
			children = (
				23315A19198ADB230027E35B /* Registry */,
				23315A1B198ADB510027E35B /* DomainModel */,
				23315A1A198ADB370027E35B /* Mapper */,
			);
			name = Classes;
			sourceTree = "<group>";
		};
		23315A19198ADB230027E35B /* Registry */ = {
			isa = PBXGroup;
			children = (
				23315A11198ADAFA0027E35B /* Registry.h */,
				23315A12198ADAFA0027E35B /* Registry.m */,
			);
			name = Registry;
			sourceTree = "<group>";
		};
		23315A1A198ADB370027E35B /* Mapper */ = {
			isa = PBXGroup;
			children = (
				23315A0B198ADAB50027E35B /* AbstractMapper.h */,
				23315A0C198ADAB50027E35B /* AbstractMapper.m */,
				23315A08198ADAA90027E35B /* PersonMapper.h */,
				23315A09198ADAA90027E35B /* PersonMapper.m */,
			);
			name = Mapper;
			sourceTree = "<group>";
		};
		23315A1B198ADB510027E35B /* DomainModel */ = {
			isa = PBXGroup;
			children = (
				23315A0E198ADACA0027E35B /* Person.h */,
				23315A0F198ADACA0027E35B /* Person.m */,
			);
			name = DomainModel;
			sourceTree = "<group>";
		};
/* End PBXGroup section */

/* Begin PBXNativeTarget section */
		233159D4198AD7C50027E35B /* Data Mapper */ = {
			isa = PBXNativeTarget;
			buildConfigurationList = 23315A01198AD7C60027E35B /* Build configuration list for PBXNativeTarget "Data Mapper" */;
			buildPhases = (
				233159D1198AD7C50027E35B /* Sources */,
				233159D2198AD7C50027E35B /* Frameworks */,
				233159D3198AD7C50027E35B /* Resources */,
			);
			buildRules = (
			);
			dependencies = (
			);
			name = "Data Mapper";
			productName = "Data Mapper";
			productReference = 233159D5198AD7C50027E35B /* Data Mapper.app */;
			productType = "com.apple.product-type.application";
		};
		233159EF198AD7C60027E35B /* Data MapperTests */ = {
			isa = PBXNativeTarget;
			buildConfigurationList = 23315A04198AD7C60027E35B /* Build configuration list for PBXNativeTarget "Data MapperTests" */;
			buildPhases = (
				233159EC198AD7C60027E35B /* Sources */,
				233159ED198AD7C60027E35B /* Frameworks */,
				233159EE198AD7C60027E35B /* Resources */,
			);
			buildRules = (
			);
			dependencies = (
				233159F6198AD7C60027E35B /* PBXTargetDependency */,
			);
			name = "Data MapperTests";
			productName = "Data MapperTests";
			productReference = 233159F0198AD7C60027E35B /* Data MapperTests.xctest */;
			productType = "com.apple.product-type.bundle.unit-test";
		};
/* End PBXNativeTarget section */

/* Begin PBXProject section */
		233159CD198AD7C50027E35B /* Project object */ = {
			isa = PBXProject;
			attributes = {
				LastUpgradeCheck = 0510;
				ORGANIZATIONNAME = "Kostiantyn Girych";
				TargetAttributes = {
					233159EF198AD7C60027E35B = {
						TestTargetID = 233159D4198AD7C50027E35B;
					};
				};
			};
			buildConfigurationList = 233159D0198AD7C50027E35B /* Build configuration list for PBXProject "Data Mapper" */;
			compatibilityVersion = "Xcode 3.2";
			developmentRegion = English;
			hasScannedForEncodings = 0;
			knownRegions = (
				en,
			);
			mainGroup = 233159CC198AD7C50027E35B;
			productRefGroup = 233159D6198AD7C50027E35B /* Products */;
			projectDirPath = "";
			projectRoot = "";
			targets = (
				233159D4198AD7C50027E35B /* Data Mapper */,
				233159EF198AD7C60027E35B /* Data MapperTests */,
			);
		};
/* End PBXProject section */

/* Begin PBXResourcesBuildPhase section */
		233159D3198AD7C50027E35B /* Resources */ = {
			isa = PBXResourcesBuildPhase;
			buildActionMask = 2147483647;
			files = (
				233159E3198AD7C50027E35B /* InfoPlist.strings in Resources */,
				233159EB198AD7C60027E35B /* Images.xcassets in Resources */,
			);
			runOnlyForDeploymentPostprocessing = 0;
		};
		233159EE198AD7C60027E35B /* Resources */ = {
			isa = PBXResourcesBuildPhase;
			buildActionMask = 2147483647;
			files = (
				233159FC198AD7C60027E35B /* InfoPlist.strings in Resources */,
			);
			runOnlyForDeploymentPostprocessing = 0;
		};
/* End PBXResourcesBuildPhase section */

/* Begin PBXSourcesBuildPhase section */
		233159D1198AD7C50027E35B /* Sources */ = {
			isa = PBXSourcesBuildPhase;
			buildActionMask = 2147483647;
			files = (
				23315A0D198ADAB50027E35B /* AbstractMapper.m in Sources */,
				233159E9198AD7C60027E35B /* AppDelegate.m in Sources */,
				23315A13198ADAFA0027E35B /* Registry.m in Sources */,
				23315A10198ADACA0027E35B /* Person.m in Sources */,
				233159E5198AD7C50027E35B /* main.m in Sources */,
				23315A0A198ADAA90027E35B /* PersonMapper.m in Sources */,
			);
			runOnlyForDeploymentPostprocessing = 0;
		};
		233159EC198AD7C60027E35B /* Sources */ = {
			isa = PBXSourcesBuildPhase;
			buildActionMask = 2147483647;
			files = (
				233159FE198AD7C60027E35B /* Data_MapperTests.m in Sources */,
			);
			runOnlyForDeploymentPostprocessing = 0;
		};
/* End PBXSourcesBuildPhase section */

/* Begin PBXTargetDependency section */
		233159F6198AD7C60027E35B /* PBXTargetDependency */ = {
			isa = PBXTargetDependency;
			target = 233159D4198AD7C50027E35B /* Data Mapper */;
			targetProxy = 233159F5198AD7C60027E35B /* PBXContainerItemProxy */;
		};
/* End PBXTargetDependency section */

/* Begin PBXVariantGroup section */
		233159E1198AD7C50027E35B /* InfoPlist.strings */ = {
			isa = PBXVariantGroup;
			children = (
				233159E2198AD7C50027E35B /* en */,
			);
			name = InfoPlist.strings;
			sourceTree = "<group>";
		};
		233159FA198AD7C60027E35B /* InfoPlist.strings */ = {
			isa = PBXVariantGroup;
			children = (
				233159FB198AD7C60027E35B /* en */,
			);
			name = InfoPlist.strings;
			sourceTree = "<group>";
		};
/* End PBXVariantGroup section */

/* Begin XCBuildConfiguration section */
		233159FF198AD7C60027E35B /* Debug */ = {
			isa = XCBuildConfiguration;
			buildSettings = {
				ALWAYS_SEARCH_USER_PATHS = NO;
				CLANG_CXX_LANGUAGE_STANDARD = "gnu++0x";
				CLANG_CXX_LIBRARY = "libc++";
				CLANG_ENABLE_MODULES = YES;
				CLANG_ENABLE_OBJC_ARC = YES;
				CLANG_WARN_BOOL_CONVERSION = YES;
				CLANG_WARN_CONSTANT_CONVERSION = YES;
				CLANG_WARN_DIRECT_OBJC_ISA_USAGE = YES_ERROR;
				CLANG_WARN_EMPTY_BODY = YES;
				CLANG_WARN_ENUM_CONVERSION = YES;
				CLANG_WARN_INT_CONVERSION = YES;
				CLANG_WARN_OBJC_ROOT_CLASS = YES_ERROR;
				CLANG_WARN__DUPLICATE_METHOD_MATCH = YES;
				"CODE_SIGN_IDENTITY[sdk=iphoneos*]" = "iPhone Developer";
				COPY_PHASE_STRIP = NO;
				GCC_C_LANGUAGE_STANDARD = gnu99;
				GCC_DYNAMIC_NO_PIC = NO;
				GCC_OPTIMIZATION_LEVEL = 0;
				GCC_PREPROCESSOR_DEFINITIONS = (
					"DEBUG=1",
					"$(inherited)",
				);
				GCC_SYMBOLS_PRIVATE_EXTERN = NO;
				GCC_WARN_64_TO_32_BIT_CONVERSION = YES;
				GCC_WARN_ABOUT_RETURN_TYPE = YES_ERROR;
				GCC_WARN_UNDECLARED_SELECTOR = YES;
				GCC_WARN_UNINITIALIZED_AUTOS = YES_AGGRESSIVE;
				GCC_WARN_UNUSED_FUNCTION = YES;
				GCC_WARN_UNUSED_VARIABLE = YES;
				IPHONEOS_DEPLOYMENT_TARGET = 7.1;
				ONLY_ACTIVE_ARCH = YES;
				SDKROOT = iphoneos;
			};
			name = Debug;
		};
		23315A00198AD7C60027E35B /* Release */ = {
			isa = XCBuildConfiguration;
			buildSettings = {
				ALWAYS_SEARCH_USER_PATHS = NO;
				CLANG_CXX_LANGUAGE_STANDARD = "gnu++0x";
				CLANG_CXX_LIBRARY = "libc++";
				CLANG_ENABLE_MODULES = YES;
				CLANG_ENABLE_OBJC_ARC = YES;
				CLANG_WARN_BOOL_CONVERSION = YES;
				CLANG_WARN_CONSTANT_CONVERSION = YES;
				CLANG_WARN_DIRECT_OBJC_ISA_USAGE = YES_ERROR;
				CLANG_WARN_EMPTY_BODY = YES;
				CLANG_WARN_ENUM_CONVERSION = YES;
				CLANG_WARN_INT_CONVERSION = YES;
				CLANG_WARN_OBJC_ROOT_CLASS = YES_ERROR;
				CLANG_WARN__DUPLICATE_METHOD_MATCH = YES;
				"CODE_SIGN_IDENTITY[sdk=iphoneos*]" = "iPhone Developer";
				COPY_PHASE_STRIP = YES;
				ENABLE_NS_ASSERTIONS = NO;
				GCC_C_LANGUAGE_STANDARD = gnu99;
				GCC_WARN_64_TO_32_BIT_CONVERSION = YES;
				GCC_WARN_ABOUT_RETURN_TYPE = YES_ERROR;
				GCC_WARN_UNDECLARED_SELECTOR = YES;
				GCC_WARN_UNINITIALIZED_AUTOS = YES_AGGRESSIVE;
				GCC_WARN_UNUSED_FUNCTION = YES;
				GCC_WARN_UNUSED_VARIABLE = YES;
				IPHONEOS_DEPLOYMENT_TARGET = 7.1;
				SDKROOT = iphoneos;
				VALIDATE_PRODUCT = YES;
			};
			name = Release;
		};
		23315A02198AD7C60027E35B /* Debug */ = {
			isa = XCBuildConfiguration;
			buildSettings = {
				ASSETCATALOG_COMPILER_APPICON_NAME = AppIcon;
				ASSETCATALOG_COMPILER_LAUNCHIMAGE_NAME = LaunchImage;
				GCC_PRECOMPILE_PREFIX_HEADER = YES;
				GCC_PREFIX_HEADER = "Data Mapper/Data Mapper-Prefix.pch";
				INFOPLIST_FILE = "Data Mapper/Data Mapper-Info.plist";
				PRODUCT_NAME = "$(TARGET_NAME)";
				WRAPPER_EXTENSION = app;
			};
			name = Debug;
		};
		23315A03198AD7C60027E35B /* Release */ = {
			isa = XCBuildConfiguration;
			buildSettings = {
				ASSETCATALOG_COMPILER_APPICON_NAME = AppIcon;
				ASSETCATALOG_COMPILER_LAUNCHIMAGE_NAME = LaunchImage;
				GCC_PRECOMPILE_PREFIX_HEADER = YES;
				GCC_PREFIX_HEADER = "Data Mapper/Data Mapper-Prefix.pch";
				INFOPLIST_FILE = "Data Mapper/Data Mapper-Info.plist";
				PRODUCT_NAME = "$(TARGET_NAME)";
				WRAPPER_EXTENSION = app;
			};
			name = Release;
		};
		23315A05198AD7C60027E35B /* Debug */ = {
			isa = XCBuildConfiguration;
			buildSettings = {
				BUNDLE_LOADER = "$(BUILT_PRODUCTS_DIR)/Data Mapper.app/Data Mapper";
				FRAMEWORK_SEARCH_PATHS = (
					"$(SDKROOT)/Developer/Library/Frameworks",
					"$(inherited)",
					"$(DEVELOPER_FRAMEWORKS_DIR)",
				);
				GCC_PRECOMPILE_PREFIX_HEADER = YES;
				GCC_PREFIX_HEADER = "Data Mapper/Data Mapper-Prefix.pch";
				GCC_PREPROCESSOR_DEFINITIONS = (
					"DEBUG=1",
					"$(inherited)",
				);
				INFOPLIST_FILE = "Data MapperTests/Data MapperTests-Info.plist";
				PRODUCT_NAME = "$(TARGET_NAME)";
				TEST_HOST = "$(BUNDLE_LOADER)";
				WRAPPER_EXTENSION = xctest;
			};
			name = Debug;
		};
		23315A06198AD7C60027E35B /* Release */ = {
			isa = XCBuildConfiguration;
			buildSettings = {
				BUNDLE_LOADER = "$(BUILT_PRODUCTS_DIR)/Data Mapper.app/Data Mapper";
				FRAMEWORK_SEARCH_PATHS = (
					"$(SDKROOT)/Developer/Library/Frameworks",
					"$(inherited)",
					"$(DEVELOPER_FRAMEWORKS_DIR)",
				);
				GCC_PRECOMPILE_PREFIX_HEADER = YES;
				GCC_PREFIX_HEADER = "Data Mapper/Data Mapper-Prefix.pch";
				INFOPLIST_FILE = "Data MapperTests/Data MapperTests-Info.plist";
				PRODUCT_NAME = "$(TARGET_NAME)";
				TEST_HOST = "$(BUNDLE_LOADER)";
				WRAPPER_EXTENSION = xctest;
			};
			name = Release;
		};
/* End XCBuildConfiguration section */

/* Begin XCConfigurationList section */
		233159D0198AD7C50027E35B /* Build configuration list for PBXProject "Data Mapper" */ = {
			isa = XCConfigurationList;
			buildConfigurations = (
				233159FF198AD7C60027E35B /* Debug */,
				23315A00198AD7C60027E35B /* Release */,
			);
			defaultConfigurationIsVisible = 0;
			defaultConfigurationName = Release;
		};
		23315A01198AD7C60027E35B /* Build configuration list for PBXNativeTarget "Data Mapper" */ = {
			isa = XCConfigurationList;
			buildConfigurations = (
				23315A02198AD7C60027E35B /* Debug */,
				23315A03198AD7C60027E35B /* Release */,
			);
			defaultConfigurationIsVisible = 0;
		};
		23315A04198AD7C60027E35B /* Build configuration list for PBXNativeTarget "Data MapperTests" */ = {
			isa = XCConfigurationList;
			buildConfigurations = (
				23315A05198AD7C60027E35B /* Debug */,
				23315A06198AD7C60027E35B /* Release */,
			);
			defaultConfigurationIsVisible = 0;
		};
/* End XCConfigurationList section */
	};
	rootObject = 233159CD198AD7C50027E35B /* Project object */;
}
